{
    "_readme": [
        "This file locks the dependencies of your project to a known state",
        "Read more about it at https://getcomposer.org/doc/01-basic-usage.md#installing-dependencies",
        "This file is @generated automatically"
    ],
    "content-hash": "ae68eeea660ecef366711477810ac244",
    "packages": [
        {
            "name": "chaseisabelle/pfuncs",
            "version": "dev-master",
            "source": {
                "type": "git",
                "url": "https://github.com/chaseisabelle/pfuncs.git",
                "reference": "2795300050b8c945229ce5d25be083822815bda3"
            },
            "dist": {
                "type": "zip",
                "url": "https://api.github.com/repos/chaseisabelle/pfuncs/zipball/2795300050b8c945229ce5d25be083822815bda3",
                "reference": "2795300050b8c945229ce5d25be083822815bda3",
                "shasum": ""
            },
            "type": "library",
            "autoload": {
                "files": [
                    "src/pfuncs.php"
                ]
            },
            "notification-url": "https://packagist.org/downloads/",
            "description": "a collection of useful php functions",
            "time": "2019-01-06T20:26:06+00:00"
        }
    ],
    "packages-dev": [],
    "aliases": [],
    "minimum-stability": "stable",
    "stability-flags": {
        "chaseisabelle/pfuncs": 20
    },
    "prefer-stable": false,
    "prefer-lowest": false,
    "platform": [],
    "platform-dev": []
}
